{
  "name": "igs-casper-lms-api",
  "version": "0.0.14",
  "lockfileVersion": 2,
  "requires": true,
  "packages": {
    "": {
      "name": "igs-casper-lms-api",
      "version": "0.0.14",
      "dependencies": {
        "@angular/common": "^14.1.0",
        "@angular/core": "^14.1.0",
        "igs-casper-lms-common": "^0.0.13",
        "rxjs": "~7.5.0"
      }
    },
    "node_modules/@angular/common": {
      "version": "14.2.1",
      "resolved": "https://registry.npmjs.org/@angular/common/-/common-14.2.1.tgz",
      "integrity": "sha512-7FvYOBrgM9owmJvckC/tyJ9reI3BKXChm7Y2iu0WI94XIrI+FSQ7QYNwahDpcizyYAboVwe5lYXgDRrbzRfkKg==",
      "dependencies": {
        "tslib": "^2.3.0"
      },
      "engines": {
        "node": "^14.15.0 || >=16.10.0"
      },
      "peerDependencies": {
        "@angular/core": "14.2.1",
        "rxjs": "^6.5.3 || ^7.4.0"
      }
    },
    "node_modules/@angular/core": {
      "version": "14.2.1",
      "resolved": "https://registry.npmjs.org/@angular/core/-/core-14.2.1.tgz",
      "integrity": "sha512-TTMfunZ6TWaXA7SeWHbJBmJZIW4x48SjXrUIxMQ/PSgq9E/JXgarYDmfn00yyVRJDEGfjqzUW09Wtzc1mOkWLQ==",
      "dependencies": {
        "tslib": "^2.3.0"
      },
      "engines": {
        "node": "^14.15.0 || >=16.10.0"
      },
      "peerDependencies": {
        "rxjs": "^6.5.3 || ^7.4.0",
        "zone.js": "~0.11.4"
      }
    },
    "node_modules/class-validator": {
      "version": "0.13.2",
      "resolved": "https://registry.npmjs.org/class-validator/-/class-validator-0.13.2.tgz",
      "integrity": "sha512-yBUcQy07FPlGzUjoLuUfIOXzgynnQPPruyK1Ge2B74k9ROwnle1E+NxLWnUv5OLU8hA/qL5leAE9XnXq3byaBw==",
      "dependencies": {
        "libphonenumber-js": "^1.9.43",
        "validator": "^13.7.0"
      }
    },
    "node_modules/igs-casper-lms-common": {
      "version": "0.0.13",
      "resolved": "https://registry.npmjs.org/igs-casper-lms-common/-/igs-casper-lms-common-0.0.13.tgz",
      "integrity": "sha512-WW7E6n52HuzmL2crhwGi4dvjwhaF5F6ytCMSQLUo9MD5ZWH6XaCy5d6pXScKR21oPsQf9ULfJ26q0k47Pixm3Q==",
      "dependencies": {
        "class-validator": "^0.13.2",
        "rxjs": "~7.5.0"
      }
    },
    "node_modules/libphonenumber-js": {
      "version": "1.10.13",
      "resolved": "https://registry.npmjs.org/libphonenumber-js/-/libphonenumber-js-1.10.13.tgz",
      "integrity": "sha512-b74iyWmwb4GprAUPjPkJ11GTC7KX4Pd3onpJfKxYyY8y9Rbb4ERY47LvCMEDM09WD3thiLDMXtkfDK/AX+zT7Q=="
    },
    "node_modules/rxjs": {
      "version": "7.5.6",
      "resolved": "https://registry.npmjs.org/rxjs/-/rxjs-7.5.6.tgz",
      "integrity": "sha512-dnyv2/YsXhnm461G+R/Pe5bWP41Nm6LBXEYWI6eiFP4fiwx6WRI/CD0zbdVAudd9xwLEF2IDcKXLHit0FYjUzw==",
      "dependencies": {
        "tslib": "^2.1.0"
      }
    },
    "node_modules/tslib": {
      "version": "2.4.0",
      "resolved": "https://registry.npmjs.org/tslib/-/tslib-2.4.0.tgz",
      "integrity": "sha512-d6xOpEDfsi2CZVlPQzGeux8XMwLT9hssAsaPYExaQMuYskwb+x1x7J371tWlbBdWHroy99KnVB6qIkUbs5X3UQ=="
    },
    "node_modules/validator": {
      "version": "13.7.0",
      "resolved": "https://registry.npmjs.org/validator/-/validator-13.7.0.tgz",
      "integrity": "sha512-nYXQLCBkpJ8X6ltALua9dRrZDHVYxjJ1wgskNt1lH9fzGjs3tgojGSCBjmEPwkWS1y29+DrizMTW19Pr9uB2nw==",
      "engines": {
        "node": ">= 0.10"
      }
    },
    "node_modules/zone.js": {
      "version": "0.11.8",
      "resolved": "https://registry.npmjs.org/zone.js/-/zone.js-0.11.8.tgz",
      "integrity": "sha512-82bctBg2hKcEJ21humWIkXRlLBBmrc3nN7DFh5LGGhcyycO2S7FN8NmdvlcKaGFDNVL4/9kFLmwmInTavdJERA==",
      "peer": true,
      "dependencies": {
        "tslib": "^2.3.0"
      }
    }
  },
  "dependencies": {
    "@angular/common": {
      "version": "14.2.1",
      "resolved": "https://registry.npmjs.org/@angular/common/-/common-14.2.1.tgz",
      "integrity": "sha512-7FvYOBrgM9owmJvckC/tyJ9reI3BKXChm7Y2iu0WI94XIrI+FSQ7QYNwahDpcizyYAboVwe5lYXgDRrbzRfkKg==",
      "requires": {
        "tslib": "^2.3.0"
      }
    },
    "@angular/core": {
      "version": "14.2.1",
      "resolved": "https://registry.npmjs.org/@angular/core/-/core-14.2.1.tgz",
      "integrity": "sha512-TTMfunZ6TWaXA7SeWHbJBmJZIW4x48SjXrUIxMQ/PSgq9E/JXgarYDmfn00yyVRJDEGfjqzUW09Wtzc1mOkWLQ==",
      "requires": {
        "tslib": "^2.3.0"
      }
    },
    "class-validator": {
      "version": "0.13.2",
      "resolved": "https://registry.npmjs.org/class-validator/-/class-validator-0.13.2.tgz",
      "integrity": "sha512-yBUcQy07FPlGzUjoLuUfIOXzgynnQPPruyK1Ge2B74k9ROwnle1E+NxLWnUv5OLU8hA/qL5leAE9XnXq3byaBw==",
      "requires": {
        "libphonenumber-js": "^1.9.43",
        "validator": "^13.7.0"
      }
    },
    "igs-casper-lms-common": {
      "version": "0.0.13",
      "resolved": "https://registry.npmjs.org/igs-casper-lms-common/-/igs-casper-lms-common-0.0.13.tgz",
      "integrity": "sha512-WW7E6n52HuzmL2crhwGi4dvjwhaF5F6ytCMSQLUo9MD5ZWH6XaCy5d6pXScKR21oPsQf9ULfJ26q0k47Pixm3Q==",
      "requires": {
        "class-validator": "^0.13.2",
        "rxjs": "~7.5.0"
      }
    },
    "libphonenumber-js": {
      "version": "1.10.13",
      "resolved": "https://registry.npmjs.org/libphonenumber-js/-/libphonenumber-js-1.10.13.tgz",
      "integrity": "sha512-b74iyWmwb4GprAUPjPkJ11GTC7KX4Pd3onpJfKxYyY8y9Rbb4ERY47LvCMEDM09WD3thiLDMXtkfDK/AX+zT7Q=="
    },
    "rxjs": {
      "version": "7.5.6",
      "resolved": "https://registry.npmjs.org/rxjs/-/rxjs-7.5.6.tgz",
      "integrity": "sha512-dnyv2/YsXhnm461G+R/Pe5bWP41Nm6LBXEYWI6eiFP4fiwx6WRI/CD0zbdVAudd9xwLEF2IDcKXLHit0FYjUzw==",
      "requires": {
        "tslib": "^2.1.0"
      }
    },
    "tslib": {
      "version": "2.4.0",
      "resolved": "https://registry.npmjs.org/tslib/-/tslib-2.4.0.tgz",
      "integrity": "sha512-d6xOpEDfsi2CZVlPQzGeux8XMwLT9hssAsaPYExaQMuYskwb+x1x7J371tWlbBdWHroy99KnVB6qIkUbs5X3UQ=="
    },
    "validator": {
      "version": "13.7.0",
      "resolved": "https://registry.npmjs.org/validator/-/validator-13.7.0.tgz",
      "integrity": "sha512-nYXQLCBkpJ8X6ltALua9dRrZDHVYxjJ1wgskNt1lH9fzGjs3tgojGSCBjmEPwkWS1y29+DrizMTW19Pr9uB2nw=="
    },
    "zone.js": {
      "version": "0.11.8",
      "resolved": "https://registry.npmjs.org/zone.js/-/zone.js-0.11.8.tgz",
      "integrity": "sha512-82bctBg2hKcEJ21humWIkXRlLBBmrc3nN7DFh5LGGhcyycO2S7FN8NmdvlcKaGFDNVL4/9kFLmwmInTavdJERA==",
      "peer": true,
      "requires": {
        "tslib": "^2.3.0"
      }
    }
  }
}
